
Microsoft Visual Studio Solution File, Format Version 12.00
# Visual Studio Version 17
VisualStudioVersion = 17.9.34701.34
MinimumVisualStudioVersion = 10.0.40219.1
Project("{FAE04EC0-301F-11D3-BF4B-00C04F79EFBC}") = "project_ca_nhan", "project_ca_nhan\project_ca_nhan.csproj", "{9FF056F6-2574-4243-AF8A-B8A35FC1E533}"
EndProject
Global
	GlobalSection(SolutionConfigurationPlatforms) = preSolution
		Debug|Any CPU = Debug|Any CPU
		Release|Any CPU = Release|Any CPU
	EndGlobalSection
	GlobalSection(ProjectConfigurationPlatforms) = postSolution
		{9FF056F6-2574-4243-AF8A-B8A35FC1E533}.Debug|Any CPU.ActiveCfg = Debug|Any CPU
		{9FF056F6-2574-4243-AF8A-B8A35FC1E533}.Debug|Any CPU.Build.0 = Debug|Any CPU
		{9FF056F6-2574-4243-AF8A-B8A35FC1E533}.Release|Any CPU.ActiveCfg = Release|Any CPU
		{9FF056F6-2574-4243-AF8A-B8A35FC1E533}.Release|Any CPU.Build.0 = Release|Any CPU
	EndGlobalSection
	GlobalSection(SolutionProperties) = preSolution
		HideSolutionNode = FALSE
	EndGlobalSection
	GlobalSection(ExtensibilityGlobals) = postSolution
		SolutionGuid = {08618797-013D-4437-B947-BC36696CE0FC}
	EndGlobalSection
EndGlobal
